
Microsoft Visual Studio Solution File, Format Version 12.00
# Visual Studio Version 16
VisualStudioVersion = 16.0.31605.320
MinimumVisualStudioVersion = 10.0.40219.1
Project("{2150E333-8FDC-42A3-9474-1A3956D46DE8}") = "src", "src", "{9EF61C6D-AAAA-4E9D-A411-F8E8A57EB667}"
EndProject
Project("{2150E333-8FDC-42A3-9474-1A3956D46DE8}") = "test", "test", "{F5DAFA09-81A8-4291-B10B-A2D1178527C0}"
EndProject
Project("{2150E333-8FDC-42A3-9474-1A3956D46DE8}") = "API", "API", "{91FB2353-B587-4B4E-8FA3-10A0FD032DE9}"
EndProject
Project("{2150E333-8FDC-42A3-9474-1A3956D46DE8}") = "Core", "Core", "{38411055-1478-40A9-8751-32BA15DB706F}"
EndProject
Project("{2150E333-8FDC-42A3-9474-1A3956D46DE8}") = "Infrastructure", "Infrastructure", "{CDF5E2D3-461F-49D9-B0A7-2C61C261A0D8}"
EndProject
Project("{2150E333-8FDC-42A3-9474-1A3956D46DE8}") = "UI", "UI", "{9D7B9877-6D6C-478C-9B3A-44507A8E0F16}"
EndProject
Project("{9A19103F-16F7-4668-BE54-9A1E7A4F7556}") = "HR.LeaveManagement.Domain", "HR.LeaveManagement.Domain\HR.LeaveManagement.Domain.csproj", "{5C3C0D2D-0F21-4A0E-A5CD-7CFC192F5406}"
EndProject
Project("{9A19103F-16F7-4668-BE54-9A1E7A4F7556}") = "HR.LeaveManagement.Application", "HR.LeaveManagement.Application\HR.LeaveManagement.Application.csproj", "{A9BFDB80-BD63-4FF2-9211-4B10B99FB6FC}"
EndProject
Project("{FAE04EC0-301F-11D3-BF4B-00C04F79EFBC}") = "HR.LeaveManagement.Infrastructure", "HR.LeaveManagement.Infrastructure\HR.LeaveManagement.Infrastructure.csproj", "{5D33368B-E156-4191-BBF0-DDA7BF896B5F}"
EndProject
Project("{FAE04EC0-301F-11D3-BF4B-00C04F79EFBC}") = "HR.LeaveManagement.Persistence", "HR.LeaveManagement.Persistence\HR.LeaveManagement.Persistence.csproj", "{3EEA9E02-BFBF-4951-A0B2-66A3D1E3BCFA}"
EndProject
Global
	GlobalSection(SolutionConfigurationPlatforms) = preSolution
		Debug|Any CPU = Debug|Any CPU
		Release|Any CPU = Release|Any CPU
	EndGlobalSection
	GlobalSection(ProjectConfigurationPlatforms) = postSolution
		{5C3C0D2D-0F21-4A0E-A5CD-7CFC192F5406}.Debug|Any CPU.ActiveCfg = Debug|Any CPU
		{5C3C0D2D-0F21-4A0E-A5CD-7CFC192F5406}.Debug|Any CPU.Build.0 = Debug|Any CPU
		{5C3C0D2D-0F21-4A0E-A5CD-7CFC192F5406}.Release|Any CPU.ActiveCfg = Release|Any CPU
		{5C3C0D2D-0F21-4A0E-A5CD-7CFC192F5406}.Release|Any CPU.Build.0 = Release|Any CPU
		{A9BFDB80-BD63-4FF2-9211-4B10B99FB6FC}.Debug|Any CPU.ActiveCfg = Debug|Any CPU
		{A9BFDB80-BD63-4FF2-9211-4B10B99FB6FC}.Debug|Any CPU.Build.0 = Debug|Any CPU
		{A9BFDB80-BD63-4FF2-9211-4B10B99FB6FC}.Release|Any CPU.ActiveCfg = Release|Any CPU
		{A9BFDB80-BD63-4FF2-9211-4B10B99FB6FC}.Release|Any CPU.Build.0 = Release|Any CPU
		{5D33368B-E156-4191-BBF0-DDA7BF896B5F}.Debug|Any CPU.ActiveCfg = Debug|Any CPU
		{5D33368B-E156-4191-BBF0-DDA7BF896B5F}.Debug|Any CPU.Build.0 = Debug|Any CPU
		{5D33368B-E156-4191-BBF0-DDA7BF896B5F}.Release|Any CPU.ActiveCfg = Release|Any CPU
		{5D33368B-E156-4191-BBF0-DDA7BF896B5F}.Release|Any CPU.Build.0 = Release|Any CPU
		{3EEA9E02-BFBF-4951-A0B2-66A3D1E3BCFA}.Debug|Any CPU.ActiveCfg = Debug|Any CPU
		{3EEA9E02-BFBF-4951-A0B2-66A3D1E3BCFA}.Debug|Any CPU.Build.0 = Debug|Any CPU
		{3EEA9E02-BFBF-4951-A0B2-66A3D1E3BCFA}.Release|Any CPU.ActiveCfg = Release|Any CPU
		{3EEA9E02-BFBF-4951-A0B2-66A3D1E3BCFA}.Release|Any CPU.Build.0 = Release|Any CPU
	EndGlobalSection
	GlobalSection(SolutionProperties) = preSolution
		HideSolutionNode = FALSE
	EndGlobalSection
	GlobalSection(NestedProjects) = preSolution
		{91FB2353-B587-4B4E-8FA3-10A0FD032DE9} = {9EF61C6D-AAAA-4E9D-A411-F8E8A57EB667}
		{38411055-1478-40A9-8751-32BA15DB706F} = {9EF61C6D-AAAA-4E9D-A411-F8E8A57EB667}
		{CDF5E2D3-461F-49D9-B0A7-2C61C261A0D8} = {9EF61C6D-AAAA-4E9D-A411-F8E8A57EB667}
		{9D7B9877-6D6C-478C-9B3A-44507A8E0F16} = {9EF61C6D-AAAA-4E9D-A411-F8E8A57EB667}
		{5C3C0D2D-0F21-4A0E-A5CD-7CFC192F5406} = {38411055-1478-40A9-8751-32BA15DB706F}
		{A9BFDB80-BD63-4FF2-9211-4B10B99FB6FC} = {38411055-1478-40A9-8751-32BA15DB706F}
		{5D33368B-E156-4191-BBF0-DDA7BF896B5F} = {CDF5E2D3-461F-49D9-B0A7-2C61C261A0D8}
		{3EEA9E02-BFBF-4951-A0B2-66A3D1E3BCFA} = {CDF5E2D3-461F-49D9-B0A7-2C61C261A0D8}
	EndGlobalSection
	GlobalSection(ExtensibilityGlobals) = postSolution
		SolutionGuid = {92F7B91D-D2F4-481A-8364-A68A139FBC77}
	EndGlobalSection
EndGlobal
